
Microsoft Visual Studio Solution File, Format Version 12.00
# Visual Studio Version 17
VisualStudioVersion = 17.3.32519.111
MinimumVisualStudioVersion = 10.0.40219.1
Project("{9A19103F-16F7-4668-BE54-9A1E7A4F7556}") = "BasicOfC", "test\BasicOfC.csproj", "{165D761C-F87F-4847-939A-1C5C5767BBD9}"
EndProject
Project("{9A19103F-16F7-4668-BE54-9A1E7A4F7556}") = "ControlFlow", "ControlFlow\ControlFlow.csproj", "{306735AB-8CC3-41CA-B74A-64BFAFFF020F}"
EndProject
Project("{9A19103F-16F7-4668-BE54-9A1E7A4F7556}") = "ArraysCollections", "ArraysCollections\ArraysCollections.csproj", "{A759CF8B-62BF-4EF1-AFF1-0E7709A3DB30}"
EndProject
Project("{9A19103F-16F7-4668-BE54-9A1E7A4F7556}") = "OOP_FU", "OOP_FU\OOP_FU.csproj", "{81367717-AEED-4E0D-88CB-8CCDE8858064}"
EndProject
Project("{9A19103F-16F7-4668-BE54-9A1E7A4F7556}") = "ParsRimNum", "ParsRimNum\ParsRimNum.csproj", "{9A88AB9B-FA2D-420E-B0E0-A5F5B47562DE}"
EndProject
Project("{9A19103F-16F7-4668-BE54-9A1E7A4F7556}") = "E_Exception", "E_Exception\E_Exception.csproj", "{680A7CDE-4A1E-4FF5-B3F8-FE51AF8D7268}"
EndProject
Project("{9A19103F-16F7-4668-BE54-9A1E7A4F7556}") = "A_HomeworkOOP", "A_HomeworkOOP\A_HomeworkOOP.csproj", "{8D6829E0-08ED-493D-9225-69FA2F4D1AA4}"
EndProject
Project("{FAE04EC0-301F-11D3-BF4B-00C04F79EFBC}") = "QuessANumber", "QuessANumber\QuessANumber.csproj", "{76A1A4A0-C617-454C-90E2-6ABE0AB94007}"
EndProject
Project("{FAE04EC0-301F-11D3-BF4B-00C04F79EFBC}") = "TicTacToe", "TicTacToe\TicTacToe.csproj", "{C3323C2A-0844-48D5-80BB-3CA824187270}"
EndProject
Project("{FAE04EC0-301F-11D3-BF4B-00C04F79EFBC}") = "HangMan", "HangMan\HangMan.csproj", "{3E1B21B0-5050-4C85-AEE3-F64213EEB3E5}"
EndProject
Global
	GlobalSection(SolutionConfigurationPlatforms) = preSolution
		Debug|Any CPU = Debug|Any CPU
		Release|Any CPU = Release|Any CPU
	EndGlobalSection
	GlobalSection(ProjectConfigurationPlatforms) = postSolution
		{165D761C-F87F-4847-939A-1C5C5767BBD9}.Debug|Any CPU.ActiveCfg = Debug|Any CPU
		{165D761C-F87F-4847-939A-1C5C5767BBD9}.Debug|Any CPU.Build.0 = Debug|Any CPU
		{165D761C-F87F-4847-939A-1C5C5767BBD9}.Release|Any CPU.ActiveCfg = Release|Any CPU
		{165D761C-F87F-4847-939A-1C5C5767BBD9}.Release|Any CPU.Build.0 = Release|Any CPU
		{306735AB-8CC3-41CA-B74A-64BFAFFF020F}.Debug|Any CPU.ActiveCfg = Debug|Any CPU
		{306735AB-8CC3-41CA-B74A-64BFAFFF020F}.Debug|Any CPU.Build.0 = Debug|Any CPU
		{306735AB-8CC3-41CA-B74A-64BFAFFF020F}.Release|Any CPU.ActiveCfg = Release|Any CPU
		{306735AB-8CC3-41CA-B74A-64BFAFFF020F}.Release|Any CPU.Build.0 = Release|Any CPU
		{A759CF8B-62BF-4EF1-AFF1-0E7709A3DB30}.Debug|Any CPU.ActiveCfg = Debug|Any CPU
		{A759CF8B-62BF-4EF1-AFF1-0E7709A3DB30}.Debug|Any CPU.Build.0 = Debug|Any CPU
		{A759CF8B-62BF-4EF1-AFF1-0E7709A3DB30}.Release|Any CPU.ActiveCfg = Release|Any CPU
		{A759CF8B-62BF-4EF1-AFF1-0E7709A3DB30}.Release|Any CPU.Build.0 = Release|Any CPU
		{81367717-AEED-4E0D-88CB-8CCDE8858064}.Debug|Any CPU.ActiveCfg = Debug|Any CPU
		{81367717-AEED-4E0D-88CB-8CCDE8858064}.Debug|Any CPU.Build.0 = Debug|Any CPU
		{81367717-AEED-4E0D-88CB-8CCDE8858064}.Release|Any CPU.ActiveCfg = Release|Any CPU
		{81367717-AEED-4E0D-88CB-8CCDE8858064}.Release|Any CPU.Build.0 = Release|Any CPU
		{9A88AB9B-FA2D-420E-B0E0-A5F5B47562DE}.Debug|Any CPU.ActiveCfg = Debug|Any CPU
		{9A88AB9B-FA2D-420E-B0E0-A5F5B47562DE}.Debug|Any CPU.Build.0 = Debug|Any CPU
		{9A88AB9B-FA2D-420E-B0E0-A5F5B47562DE}.Release|Any CPU.ActiveCfg = Release|Any CPU
		{9A88AB9B-FA2D-420E-B0E0-A5F5B47562DE}.Release|Any CPU.Build.0 = Release|Any CPU
		{680A7CDE-4A1E-4FF5-B3F8-FE51AF8D7268}.Debug|Any CPU.ActiveCfg = Debug|Any CPU
		{680A7CDE-4A1E-4FF5-B3F8-FE51AF8D7268}.Debug|Any CPU.Build.0 = Debug|Any CPU
		{680A7CDE-4A1E-4FF5-B3F8-FE51AF8D7268}.Release|Any CPU.ActiveCfg = Release|Any CPU
		{680A7CDE-4A1E-4FF5-B3F8-FE51AF8D7268}.Release|Any CPU.Build.0 = Release|Any CPU
		{8D6829E0-08ED-493D-9225-69FA2F4D1AA4}.Debug|Any CPU.ActiveCfg = Debug|Any CPU
		{8D6829E0-08ED-493D-9225-69FA2F4D1AA4}.Debug|Any CPU.Build.0 = Debug|Any CPU
		{8D6829E0-08ED-493D-9225-69FA2F4D1AA4}.Release|Any CPU.ActiveCfg = Release|Any CPU
		{8D6829E0-08ED-493D-9225-69FA2F4D1AA4}.Release|Any CPU.Build.0 = Release|Any CPU
		{76A1A4A0-C617-454C-90E2-6ABE0AB94007}.Debug|Any CPU.ActiveCfg = Debug|Any CPU
		{76A1A4A0-C617-454C-90E2-6ABE0AB94007}.Debug|Any CPU.Build.0 = Debug|Any CPU
		{76A1A4A0-C617-454C-90E2-6ABE0AB94007}.Release|Any CPU.ActiveCfg = Release|Any CPU
		{76A1A4A0-C617-454C-90E2-6ABE0AB94007}.Release|Any CPU.Build.0 = Release|Any CPU
		{C3323C2A-0844-48D5-80BB-3CA824187270}.Debug|Any CPU.ActiveCfg = Debug|Any CPU
		{C3323C2A-0844-48D5-80BB-3CA824187270}.Debug|Any CPU.Build.0 = Debug|Any CPU
		{C3323C2A-0844-48D5-80BB-3CA824187270}.Release|Any CPU.ActiveCfg = Release|Any CPU
		{C3323C2A-0844-48D5-80BB-3CA824187270}.Release|Any CPU.Build.0 = Release|Any CPU
		{3E1B21B0-5050-4C85-AEE3-F64213EEB3E5}.Debug|Any CPU.ActiveCfg = Debug|Any CPU
		{3E1B21B0-5050-4C85-AEE3-F64213EEB3E5}.Debug|Any CPU.Build.0 = Debug|Any CPU
		{3E1B21B0-5050-4C85-AEE3-F64213EEB3E5}.Release|Any CPU.ActiveCfg = Release|Any CPU
		{3E1B21B0-5050-4C85-AEE3-F64213EEB3E5}.Release|Any CPU.Build.0 = Release|Any CPU
	EndGlobalSection
	GlobalSection(SolutionProperties) = preSolution
		HideSolutionNode = FALSE
	EndGlobalSection
	GlobalSection(ExtensibilityGlobals) = postSolution
		SolutionGuid = {F6FA86C0-96CD-48B1-9C32-77C20C3B42E2}
	EndGlobalSection
EndGlobal
